
Microsoft Visual Studio Solution File, Format Version 9.00
# Visual Studio 2005
Project("{8BC9CEB8-8B4A-11D0-8D11-00A0C91BC942}") = "rlToday", "rlToday\rlToday.vcproj", "{53563210-ADAD-4882-AC1A-55831F03ACB7}"
	ProjectSection(ProjectDependencies) = postProject
		{65818D16-53A8-4EBD-B5B2-2CA493E1DF1A} = {65818D16-53A8-4EBD-B5B2-2CA493E1DF1A}
		{6885D5CD-7353-45A3-BC16-0F94F68B6F76} = {6885D5CD-7353-45A3-BC16-0F94F68B6F76}
		{0B0813D9-95B0-4172-A933-5BB7AE1498DD} = {0B0813D9-95B0-4172-A933-5BB7AE1498DD}
	EndProjectSection
EndProject
Project("{8BC9CEB8-8B4A-11D0-8D11-00A0C91BC942}") = "j2k", "j2k\j2k_wince.vcproj", "{002E6043-8797-48F2-8D01-E5EDDA45C01E}"
EndProject
Project("{8BC9CEB8-8B4A-11D0-8D11-00A0C91BC942}") = "jasper", "jasper\jasper_wince.vcproj", "{400FE818-8181-4A51-8434-3E60AE1E0A3D}"
EndProject
Project("{8BC9CEB8-8B4A-11D0-8D11-00A0C91BC942}") = "jbig", "jbig\jbig_wince.vcproj", "{AE867A34-37BF-4216-8174-0E5895427D94}"
EndProject
Project("{8BC9CEB8-8B4A-11D0-8D11-00A0C91BC942}") = "jpeg", "jpeg\Jpeg_wince.vcproj", "{4C180654-EBEE-4463-8BAE-07AB9A5A253C}"
EndProject
Project("{8BC9CEB8-8B4A-11D0-8D11-00A0C91BC942}") = "png", "png\png_wince.vcproj", "{65818D16-53A8-4EBD-B5B2-2CA493E1DF1A}"
EndProject
Project("{8BC9CEB8-8B4A-11D0-8D11-00A0C91BC942}") = "tiff", "tiff\tiff_wince.vcproj", "{075B4445-2F3F-4B31-864C-A333778D1D00}"
EndProject
Project("{8BC9CEB8-8B4A-11D0-8D11-00A0C91BC942}") = "zlib", "zlib\zlib_wince.vcproj", "{0B0813D9-95B0-4172-A933-5BB7AE1498DD}"
EndProject
Project("{8BC9CEB8-8B4A-11D0-8D11-00A0C91BC942}") = "cximage", "CxImage\cximage_wince.vcproj", "{6885D5CD-7353-45A3-BC16-0F94F68B6F76}"
	ProjectSection(ProjectDependencies) = postProject
		{65818D16-53A8-4EBD-B5B2-2CA493E1DF1A} = {65818D16-53A8-4EBD-B5B2-2CA493E1DF1A}
		{400FE818-8181-4A51-8434-3E60AE1E0A3D} = {400FE818-8181-4A51-8434-3E60AE1E0A3D}
		{AE867A34-37BF-4216-8174-0E5895427D94} = {AE867A34-37BF-4216-8174-0E5895427D94}
		{002E6043-8797-48F2-8D01-E5EDDA45C01E} = {002E6043-8797-48F2-8D01-E5EDDA45C01E}
		{075B4445-2F3F-4B31-864C-A333778D1D00} = {075B4445-2F3F-4B31-864C-A333778D1D00}
		{4C180654-EBEE-4463-8BAE-07AB9A5A253C} = {4C180654-EBEE-4463-8BAE-07AB9A5A253C}
		{0B0813D9-95B0-4172-A933-5BB7AE1498DD} = {0B0813D9-95B0-4172-A933-5BB7AE1498DD}
	EndProjectSection
EndProject
Project("{B900F1C2-3D47-4FEC-85B3-04AAF18C3634}") = "InstallCab", "InstallCab\InstallCab.vddproj", "{AB274537-5D3F-4361-8EDF-32D8B40C202B}"
EndProject
Global
	GlobalSection(SolutionConfigurationPlatforms) = preSolution
		Debug|Pocket PC 2003 (ARMV4) = Debug|Pocket PC 2003 (ARMV4)
		Debug|Smartphone 2003 (ARMV4) = Debug|Smartphone 2003 (ARMV4)
		Release|Pocket PC 2003 (ARMV4) = Release|Pocket PC 2003 (ARMV4)
		Release|Smartphone 2003 (ARMV4) = Release|Smartphone 2003 (ARMV4)
		Release2|Pocket PC 2003 (ARMV4) = Release2|Pocket PC 2003 (ARMV4)
		Release2|Smartphone 2003 (ARMV4) = Release2|Smartphone 2003 (ARMV4)
	EndGlobalSection
	GlobalSection(ProjectConfigurationPlatforms) = postSolution
		{53563210-ADAD-4882-AC1A-55831F03ACB7}.Debug|Pocket PC 2003 (ARMV4).ActiveCfg = Debug|Pocket PC 2003 (ARMV4)
		{53563210-ADAD-4882-AC1A-55831F03ACB7}.Debug|Pocket PC 2003 (ARMV4).Build.0 = Debug|Pocket PC 2003 (ARMV4)
		{53563210-ADAD-4882-AC1A-55831F03ACB7}.Debug|Pocket PC 2003 (ARMV4).Deploy.0 = Debug|Pocket PC 2003 (ARMV4)
		{53563210-ADAD-4882-AC1A-55831F03ACB7}.Debug|Smartphone 2003 (ARMV4).ActiveCfg = Debug|Smartphone 2003 (ARMV4)
		{53563210-ADAD-4882-AC1A-55831F03ACB7}.Debug|Smartphone 2003 (ARMV4).Build.0 = Debug|Smartphone 2003 (ARMV4)
		{53563210-ADAD-4882-AC1A-55831F03ACB7}.Debug|Smartphone 2003 (ARMV4).Deploy.0 = Debug|Smartphone 2003 (ARMV4)
		{53563210-ADAD-4882-AC1A-55831F03ACB7}.Release|Pocket PC 2003 (ARMV4).ActiveCfg = Release|Pocket PC 2003 (ARMV4)
		{53563210-ADAD-4882-AC1A-55831F03ACB7}.Release|Pocket PC 2003 (ARMV4).Build.0 = Release|Pocket PC 2003 (ARMV4)
		{53563210-ADAD-4882-AC1A-55831F03ACB7}.Release|Pocket PC 2003 (ARMV4).Deploy.0 = Release|Pocket PC 2003 (ARMV4)
		{53563210-ADAD-4882-AC1A-55831F03ACB7}.Release|Smartphone 2003 (ARMV4).ActiveCfg = Release|Smartphone 2003 (ARMV4)
		{53563210-ADAD-4882-AC1A-55831F03ACB7}.Release|Smartphone 2003 (ARMV4).Build.0 = Release|Smartphone 2003 (ARMV4)
		{53563210-ADAD-4882-AC1A-55831F03ACB7}.Release|Smartphone 2003 (ARMV4).Deploy.0 = Release|Smartphone 2003 (ARMV4)
		{53563210-ADAD-4882-AC1A-55831F03ACB7}.Release2|Pocket PC 2003 (ARMV4).ActiveCfg = Release2|Pocket PC 2003 (ARMV4)
		{53563210-ADAD-4882-AC1A-55831F03ACB7}.Release2|Pocket PC 2003 (ARMV4).Build.0 = Release2|Pocket PC 2003 (ARMV4)
		{53563210-ADAD-4882-AC1A-55831F03ACB7}.Release2|Pocket PC 2003 (ARMV4).Deploy.0 = Release2|Pocket PC 2003 (ARMV4)
		{53563210-ADAD-4882-AC1A-55831F03ACB7}.Release2|Smartphone 2003 (ARMV4).ActiveCfg = Release2|Smartphone 2003 (ARMV4)
		{53563210-ADAD-4882-AC1A-55831F03ACB7}.Release2|Smartphone 2003 (ARMV4).Build.0 = Release2|Smartphone 2003 (ARMV4)
		{53563210-ADAD-4882-AC1A-55831F03ACB7}.Release2|Smartphone 2003 (ARMV4).Deploy.0 = Release2|Smartphone 2003 (ARMV4)
		{002E6043-8797-48F2-8D01-E5EDDA45C01E}.Debug|Pocket PC 2003 (ARMV4).ActiveCfg = Debug|Pocket PC 2003 (ARMV4)
		{002E6043-8797-48F2-8D01-E5EDDA45C01E}.Debug|Pocket PC 2003 (ARMV4).Build.0 = Debug|Pocket PC 2003 (ARMV4)
		{002E6043-8797-48F2-8D01-E5EDDA45C01E}.Debug|Pocket PC 2003 (ARMV4).Deploy.0 = Debug|Pocket PC 2003 (ARMV4)
		{002E6043-8797-48F2-8D01-E5EDDA45C01E}.Debug|Smartphone 2003 (ARMV4).ActiveCfg = Debug|Smartphone 2003 (ARMV4)
		{002E6043-8797-48F2-8D01-E5EDDA45C01E}.Debug|Smartphone 2003 (ARMV4).Build.0 = Debug|Smartphone 2003 (ARMV4)
		{002E6043-8797-48F2-8D01-E5EDDA45C01E}.Debug|Smartphone 2003 (ARMV4).Deploy.0 = Debug|Smartphone 2003 (ARMV4)
		{002E6043-8797-48F2-8D01-E5EDDA45C01E}.Release|Pocket PC 2003 (ARMV4).ActiveCfg = Release|Pocket PC 2003 (ARMV4)
		{002E6043-8797-48F2-8D01-E5EDDA45C01E}.Release|Pocket PC 2003 (ARMV4).Build.0 = Release|Pocket PC 2003 (ARMV4)
		{002E6043-8797-48F2-8D01-E5EDDA45C01E}.Release|Pocket PC 2003 (ARMV4).Deploy.0 = Release|Pocket PC 2003 (ARMV4)
		{002E6043-8797-48F2-8D01-E5EDDA45C01E}.Release|Smartphone 2003 (ARMV4).ActiveCfg = Release|Smartphone 2003 (ARMV4)
		{002E6043-8797-48F2-8D01-E5EDDA45C01E}.Release|Smartphone 2003 (ARMV4).Build.0 = Release|Smartphone 2003 (ARMV4)
		{002E6043-8797-48F2-8D01-E5EDDA45C01E}.Release|Smartphone 2003 (ARMV4).Deploy.0 = Release|Smartphone 2003 (ARMV4)
		{002E6043-8797-48F2-8D01-E5EDDA45C01E}.Release2|Pocket PC 2003 (ARMV4).ActiveCfg = Release2|Pocket PC 2003 (ARMV4)
		{002E6043-8797-48F2-8D01-E5EDDA45C01E}.Release2|Pocket PC 2003 (ARMV4).Build.0 = Release2|Pocket PC 2003 (ARMV4)
		{002E6043-8797-48F2-8D01-E5EDDA45C01E}.Release2|Pocket PC 2003 (ARMV4).Deploy.0 = Release2|Pocket PC 2003 (ARMV4)
		{002E6043-8797-48F2-8D01-E5EDDA45C01E}.Release2|Smartphone 2003 (ARMV4).ActiveCfg = Release2|Smartphone 2003 (ARMV4)
		{002E6043-8797-48F2-8D01-E5EDDA45C01E}.Release2|Smartphone 2003 (ARMV4).Build.0 = Release2|Smartphone 2003 (ARMV4)
		{002E6043-8797-48F2-8D01-E5EDDA45C01E}.Release2|Smartphone 2003 (ARMV4).Deploy.0 = Release2|Smartphone 2003 (ARMV4)
		{400FE818-8181-4A51-8434-3E60AE1E0A3D}.Debug|Pocket PC 2003 (ARMV4).ActiveCfg = Debug|Pocket PC 2003 (ARMV4)
		{400FE818-8181-4A51-8434-3E60AE1E0A3D}.Debug|Pocket PC 2003 (ARMV4).Build.0 = Debug|Pocket PC 2003 (ARMV4)
		{400FE818-8181-4A51-8434-3E60AE1E0A3D}.Debug|Pocket PC 2003 (ARMV4).Deploy.0 = Debug|Pocket PC 2003 (ARMV4)
		{400FE818-8181-4A51-8434-3E60AE1E0A3D}.Debug|Smartphone 2003 (ARMV4).ActiveCfg = Debug|Smartphone 2003 (ARMV4)
		{400FE818-8181-4A51-8434-3E60AE1E0A3D}.Debug|Smartphone 2003 (ARMV4).Build.0 = Debug|Smartphone 2003 (ARMV4)
		{400FE818-8181-4A51-8434-3E60AE1E0A3D}.Debug|Smartphone 2003 (ARMV4).Deploy.0 = Debug|Smartphone 2003 (ARMV4)
		{400FE818-8181-4A51-8434-3E60AE1E0A3D}.Release|Pocket PC 2003 (ARMV4).ActiveCfg = Release|Pocket PC 2003 (ARMV4)
		{400FE818-8181-4A51-8434-3E60AE1E0A3D}.Release|Pocket PC 2003 (ARMV4).Build.0 = Release|Pocket PC 2003 (ARMV4)
		{400FE818-8181-4A51-8434-3E60AE1E0A3D}.Release|Pocket PC 2003 (ARMV4).Deploy.0 = Release|Pocket PC 2003 (ARMV4)
		{400FE818-8181-4A51-8434-3E60AE1E0A3D}.Release|Smartphone 2003 (ARMV4).ActiveCfg = Release|Smartphone 2003 (ARMV4)
		{400FE818-8181-4A51-8434-3E60AE1E0A3D}.Release|Smartphone 2003 (ARMV4).Build.0 = Release|Smartphone 2003 (ARMV4)
		{400FE818-8181-4A51-8434-3E60AE1E0A3D}.Release|Smartphone 2003 (ARMV4).Deploy.0 = Release|Smartphone 2003 (ARMV4)
		{400FE818-8181-4A51-8434-3E60AE1E0A3D}.Release2|Pocket PC 2003 (ARMV4).ActiveCfg = Release2|Pocket PC 2003 (ARMV4)
		{400FE818-8181-4A51-8434-3E60AE1E0A3D}.Release2|Pocket PC 2003 (ARMV4).Build.0 = Release2|Pocket PC 2003 (ARMV4)
		{400FE818-8181-4A51-8434-3E60AE1E0A3D}.Release2|Pocket PC 2003 (ARMV4).Deploy.0 = Release2|Pocket PC 2003 (ARMV4)
		{400FE818-8181-4A51-8434-3E60AE1E0A3D}.Release2|Smartphone 2003 (ARMV4).ActiveCfg = Release2|Smartphone 2003 (ARMV4)
		{400FE818-8181-4A51-8434-3E60AE1E0A3D}.Release2|Smartphone 2003 (ARMV4).Build.0 = Release2|Smartphone 2003 (ARMV4)
		{400FE818-8181-4A51-8434-3E60AE1E0A3D}.Release2|Smartphone 2003 (ARMV4).Deploy.0 = Release2|Smartphone 2003 (ARMV4)
		{AE867A34-37BF-4216-8174-0E5895427D94}.Debug|Pocket PC 2003 (ARMV4).ActiveCfg = Debug|Pocket PC 2003 (ARMV4)
		{AE867A34-37BF-4216-8174-0E5895427D94}.Debug|Pocket PC 2003 (ARMV4).Build.0 = Debug|Pocket PC 2003 (ARMV4)
		{AE867A34-37BF-4216-8174-0E5895427D94}.Debug|Pocket PC 2003 (ARMV4).Deploy.0 = Debug|Pocket PC 2003 (ARMV4)
		{AE867A34-37BF-4216-8174-0E5895427D94}.Debug|Smartphone 2003 (ARMV4).ActiveCfg = Debug|Smartphone 2003 (ARMV4)
		{AE867A34-37BF-4216-8174-0E5895427D94}.Debug|Smartphone 2003 (ARMV4).Build.0 = Debug|Smartphone 2003 (ARMV4)
		{AE867A34-37BF-4216-8174-0E5895427D94}.Debug|Smartphone 2003 (ARMV4).Deploy.0 = Debug|Smartphone 2003 (ARMV4)
		{AE867A34-37BF-4216-8174-0E5895427D94}.Release|Pocket PC 2003 (ARMV4).ActiveCfg = Release|Pocket PC 2003 (ARMV4)
		{AE867A34-37BF-4216-8174-0E5895427D94}.Release|Pocket PC 2003 (ARMV4).Build.0 = Release|Pocket PC 2003 (ARMV4)
		{AE867A34-37BF-4216-8174-0E5895427D94}.Release|Pocket PC 2003 (ARMV4).Deploy.0 = Release|Pocket PC 2003 (ARMV4)
		{AE867A34-37BF-4216-8174-0E5895427D94}.Release|Smartphone 2003 (ARMV4).ActiveCfg = Release|Smartphone 2003 (ARMV4)
		{AE867A34-37BF-4216-8174-0E5895427D94}.Release|Smartphone 2003 (ARMV4).Build.0 = Release|Smartphone 2003 (ARMV4)
		{AE867A34-37BF-4216-8174-0E5895427D94}.Release|Smartphone 2003 (ARMV4).Deploy.0 = Release|Smartphone 2003 (ARMV4)
		{AE867A34-37BF-4216-8174-0E5895427D94}.Release2|Pocket PC 2003 (ARMV4).ActiveCfg = Release2|Pocket PC 2003 (ARMV4)
		{AE867A34-37BF-4216-8174-0E5895427D94}.Release2|Pocket PC 2003 (ARMV4).Build.0 = Release2|Pocket PC 2003 (ARMV4)
		{AE867A34-37BF-4216-8174-0E5895427D94}.Release2|Pocket PC 2003 (ARMV4).Deploy.0 = Release2|Pocket PC 2003 (ARMV4)
		{AE867A34-37BF-4216-8174-0E5895427D94}.Release2|Smartphone 2003 (ARMV4).ActiveCfg = Release2|Smartphone 2003 (ARMV4)
		{AE867A34-37BF-4216-8174-0E5895427D94}.Release2|Smartphone 2003 (ARMV4).Build.0 = Release2|Smartphone 2003 (ARMV4)
		{AE867A34-37BF-4216-8174-0E5895427D94}.Release2|Smartphone 2003 (ARMV4).Deploy.0 = Release2|Smartphone 2003 (ARMV4)
		{4C180654-EBEE-4463-8BAE-07AB9A5A253C}.Debug|Pocket PC 2003 (ARMV4).ActiveCfg = Debug|Pocket PC 2003 (ARMV4)
		{4C180654-EBEE-4463-8BAE-07AB9A5A253C}.Debug|Pocket PC 2003 (ARMV4).Build.0 = Debug|Pocket PC 2003 (ARMV4)
		{4C180654-EBEE-4463-8BAE-07AB9A5A253C}.Debug|Pocket PC 2003 (ARMV4).Deploy.0 = Debug|Pocket PC 2003 (ARMV4)
		{4C180654-EBEE-4463-8BAE-07AB9A5A253C}.Debug|Smartphone 2003 (ARMV4).ActiveCfg = Debug|Smartphone 2003 (ARMV4)
		{4C180654-EBEE-4463-8BAE-07AB9A5A253C}.Debug|Smartphone 2003 (ARMV4).Build.0 = Debug|Smartphone 2003 (ARMV4)
		{4C180654-EBEE-4463-8BAE-07AB9A5A253C}.Debug|Smartphone 2003 (ARMV4).Deploy.0 = Debug|Smartphone 2003 (ARMV4)
		{4C180654-EBEE-4463-8BAE-07AB9A5A253C}.Release|Pocket PC 2003 (ARMV4).ActiveCfg = Release|Pocket PC 2003 (ARMV4)
		{4C180654-EBEE-4463-8BAE-07AB9A5A253C}.Release|Pocket PC 2003 (ARMV4).Build.0 = Release|Pocket PC 2003 (ARMV4)
		{4C180654-EBEE-4463-8BAE-07AB9A5A253C}.Release|Pocket PC 2003 (ARMV4).Deploy.0 = Release|Pocket PC 2003 (ARMV4)
		{4C180654-EBEE-4463-8BAE-07AB9A5A253C}.Release|Smartphone 2003 (ARMV4).ActiveCfg = Release|Smartphone 2003 (ARMV4)
		{4C180654-EBEE-4463-8BAE-07AB9A5A253C}.Release|Smartphone 2003 (ARMV4).Build.0 = Release|Smartphone 2003 (ARMV4)
		{4C180654-EBEE-4463-8BAE-07AB9A5A253C}.Release|Smartphone 2003 (ARMV4).Deploy.0 = Release|Smartphone 2003 (ARMV4)
		{4C180654-EBEE-4463-8BAE-07AB9A5A253C}.Release2|Pocket PC 2003 (ARMV4).ActiveCfg = Release2|Pocket PC 2003 (ARMV4)
		{4C180654-EBEE-4463-8BAE-07AB9A5A253C}.Release2|Pocket PC 2003 (ARMV4).Build.0 = Release2|Pocket PC 2003 (ARMV4)
		{4C180654-EBEE-4463-8BAE-07AB9A5A253C}.Release2|Pocket PC 2003 (ARMV4).Deploy.0 = Release2|Pocket PC 2003 (ARMV4)
		{4C180654-EBEE-4463-8BAE-07AB9A5A253C}.Release2|Smartphone 2003 (ARMV4).ActiveCfg = Release2|Smartphone 2003 (ARMV4)
		{4C180654-EBEE-4463-8BAE-07AB9A5A253C}.Release2|Smartphone 2003 (ARMV4).Build.0 = Release2|Smartphone 2003 (ARMV4)
		{4C180654-EBEE-4463-8BAE-07AB9A5A253C}.Release2|Smartphone 2003 (ARMV4).Deploy.0 = Release2|Smartphone 2003 (ARMV4)
		{65818D16-53A8-4EBD-B5B2-2CA493E1DF1A}.Debug|Pocket PC 2003 (ARMV4).ActiveCfg = Debug|Pocket PC 2003 (ARMV4)
		{65818D16-53A8-4EBD-B5B2-2CA493E1DF1A}.Debug|Pocket PC 2003 (ARMV4).Build.0 = Debug|Pocket PC 2003 (ARMV4)
		{65818D16-53A8-4EBD-B5B2-2CA493E1DF1A}.Debug|Pocket PC 2003 (ARMV4).Deploy.0 = Debug|Pocket PC 2003 (ARMV4)
		{65818D16-53A8-4EBD-B5B2-2CA493E1DF1A}.Debug|Smartphone 2003 (ARMV4).ActiveCfg = Debug|Smartphone 2003 (ARMV4)
		{65818D16-53A8-4EBD-B5B2-2CA493E1DF1A}.Debug|Smartphone 2003 (ARMV4).Build.0 = Debug|Smartphone 2003 (ARMV4)
		{65818D16-53A8-4EBD-B5B2-2CA493E1DF1A}.Debug|Smartphone 2003 (ARMV4).Deploy.0 = Debug|Smartphone 2003 (ARMV4)
		{65818D16-53A8-4EBD-B5B2-2CA493E1DF1A}.Release|Pocket PC 2003 (ARMV4).ActiveCfg = Release|Pocket PC 2003 (ARMV4)
		{65818D16-53A8-4EBD-B5B2-2CA493E1DF1A}.Release|Pocket PC 2003 (ARMV4).Build.0 = Release|Pocket PC 2003 (ARMV4)
		{65818D16-53A8-4EBD-B5B2-2CA493E1DF1A}.Release|Pocket PC 2003 (ARMV4).Deploy.0 = Release|Pocket PC 2003 (ARMV4)
		{65818D16-53A8-4EBD-B5B2-2CA493E1DF1A}.Release|Smartphone 2003 (ARMV4).ActiveCfg = Release|Smartphone 2003 (ARMV4)
		{65818D16-53A8-4EBD-B5B2-2CA493E1DF1A}.Release|Smartphone 2003 (ARMV4).Build.0 = Release|Smartphone 2003 (ARMV4)
		{65818D16-53A8-4EBD-B5B2-2CA493E1DF1A}.Release|Smartphone 2003 (ARMV4).Deploy.0 = Release|Smartphone 2003 (ARMV4)
		{65818D16-53A8-4EBD-B5B2-2CA493E1DF1A}.Release2|Pocket PC 2003 (ARMV4).ActiveCfg = Release2|Pocket PC 2003 (ARMV4)
		{65818D16-53A8-4EBD-B5B2-2CA493E1DF1A}.Release2|Pocket PC 2003 (ARMV4).Build.0 = Release2|Pocket PC 2003 (ARMV4)
		{65818D16-53A8-4EBD-B5B2-2CA493E1DF1A}.Release2|Pocket PC 2003 (ARMV4).Deploy.0 = Release2|Pocket PC 2003 (ARMV4)
		{65818D16-53A8-4EBD-B5B2-2CA493E1DF1A}.Release2|Smartphone 2003 (ARMV4).ActiveCfg = Release2|Smartphone 2003 (ARMV4)
		{65818D16-53A8-4EBD-B5B2-2CA493E1DF1A}.Release2|Smartphone 2003 (ARMV4).Build.0 = Release2|Smartphone 2003 (ARMV4)
		{65818D16-53A8-4EBD-B5B2-2CA493E1DF1A}.Release2|Smartphone 2003 (ARMV4).Deploy.0 = Release2|Smartphone 2003 (ARMV4)
		{075B4445-2F3F-4B31-864C-A333778D1D00}.Debug|Pocket PC 2003 (ARMV4).ActiveCfg = Debug|Pocket PC 2003 (ARMV4)
		{075B4445-2F3F-4B31-864C-A333778D1D00}.Debug|Pocket PC 2003 (ARMV4).Build.0 = Debug|Pocket PC 2003 (ARMV4)
		{075B4445-2F3F-4B31-864C-A333778D1D00}.Debug|Pocket PC 2003 (ARMV4).Deploy.0 = Debug|Pocket PC 2003 (ARMV4)
		{075B4445-2F3F-4B31-864C-A333778D1D00}.Debug|Smartphone 2003 (ARMV4).ActiveCfg = Debug|Smartphone 2003 (ARMV4)
		{075B4445-2F3F-4B31-864C-A333778D1D00}.Debug|Smartphone 2003 (ARMV4).Build.0 = Debug|Smartphone 2003 (ARMV4)
		{075B4445-2F3F-4B31-864C-A333778D1D00}.Debug|Smartphone 2003 (ARMV4).Deploy.0 = Debug|Smartphone 2003 (ARMV4)
		{075B4445-2F3F-4B31-864C-A333778D1D00}.Release|Pocket PC 2003 (ARMV4).ActiveCfg = Release|Pocket PC 2003 (ARMV4)
		{075B4445-2F3F-4B31-864C-A333778D1D00}.Release|Pocket PC 2003 (ARMV4).Build.0 = Release|Pocket PC 2003 (ARMV4)
		{075B4445-2F3F-4B31-864C-A333778D1D00}.Release|Pocket PC 2003 (ARMV4).Deploy.0 = Release|Pocket PC 2003 (ARMV4)
		{075B4445-2F3F-4B31-864C-A333778D1D00}.Release|Smartphone 2003 (ARMV4).ActiveCfg = Release|Smartphone 2003 (ARMV4)
		{075B4445-2F3F-4B31-864C-A333778D1D00}.Release|Smartphone 2003 (ARMV4).Build.0 = Release|Smartphone 2003 (ARMV4)
		{075B4445-2F3F-4B31-864C-A333778D1D00}.Release|Smartphone 2003 (ARMV4).Deploy.0 = Release|Smartphone 2003 (ARMV4)
		{075B4445-2F3F-4B31-864C-A333778D1D00}.Release2|Pocket PC 2003 (ARMV4).ActiveCfg = Release2|Pocket PC 2003 (ARMV4)
		{075B4445-2F3F-4B31-864C-A333778D1D00}.Release2|Pocket PC 2003 (ARMV4).Build.0 = Release2|Pocket PC 2003 (ARMV4)
		{075B4445-2F3F-4B31-864C-A333778D1D00}.Release2|Pocket PC 2003 (ARMV4).Deploy.0 = Release2|Pocket PC 2003 (ARMV4)
		{075B4445-2F3F-4B31-864C-A333778D1D00}.Release2|Smartphone 2003 (ARMV4).ActiveCfg = Release2|Smartphone 2003 (ARMV4)
		{075B4445-2F3F-4B31-864C-A333778D1D00}.Release2|Smartphone 2003 (ARMV4).Build.0 = Release2|Smartphone 2003 (ARMV4)
		{075B4445-2F3F-4B31-864C-A333778D1D00}.Release2|Smartphone 2003 (ARMV4).Deploy.0 = Release2|Smartphone 2003 (ARMV4)
		{0B0813D9-95B0-4172-A933-5BB7AE1498DD}.Debug|Pocket PC 2003 (ARMV4).ActiveCfg = Debug|Pocket PC 2003 (ARMV4)
		{0B0813D9-95B0-4172-A933-5BB7AE1498DD}.Debug|Pocket PC 2003 (ARMV4).Build.0 = Debug|Pocket PC 2003 (ARMV4)
		{0B0813D9-95B0-4172-A933-5BB7AE1498DD}.Debug|Pocket PC 2003 (ARMV4).Deploy.0 = Debug|Pocket PC 2003 (ARMV4)
		{0B0813D9-95B0-4172-A933-5BB7AE1498DD}.Debug|Smartphone 2003 (ARMV4).ActiveCfg = Debug|Smartphone 2003 (ARMV4)
		{0B0813D9-95B0-4172-A933-5BB7AE1498DD}.Debug|Smartphone 2003 (ARMV4).Build.0 = Debug|Smartphone 2003 (ARMV4)
		{0B0813D9-95B0-4172-A933-5BB7AE1498DD}.Debug|Smartphone 2003 (ARMV4).Deploy.0 = Debug|Smartphone 2003 (ARMV4)
		{0B0813D9-95B0-4172-A933-5BB7AE1498DD}.Release|Pocket PC 2003 (ARMV4).ActiveCfg = Release|Pocket PC 2003 (ARMV4)
		{0B0813D9-95B0-4172-A933-5BB7AE1498DD}.Release|Pocket PC 2003 (ARMV4).Build.0 = Release|Pocket PC 2003 (ARMV4)
		{0B0813D9-95B0-4172-A933-5BB7AE1498DD}.Release|Pocket PC 2003 (ARMV4).Deploy.0 = Release|Pocket PC 2003 (ARMV4)
		{0B0813D9-95B0-4172-A933-5BB7AE1498DD}.Release|Smartphone 2003 (ARMV4).ActiveCfg = Release|Smartphone 2003 (ARMV4)
		{0B0813D9-95B0-4172-A933-5BB7AE1498DD}.Release|Smartphone 2003 (ARMV4).Build.0 = Release|Smartphone 2003 (ARMV4)
		{0B0813D9-95B0-4172-A933-5BB7AE1498DD}.Release|Smartphone 2003 (ARMV4).Deploy.0 = Release|Smartphone 2003 (ARMV4)
		{0B0813D9-95B0-4172-A933-5BB7AE1498DD}.Release2|Pocket PC 2003 (ARMV4).ActiveCfg = Release2|Pocket PC 2003 (ARMV4)
		{0B0813D9-95B0-4172-A933-5BB7AE1498DD}.Release2|Pocket PC 2003 (ARMV4).Build.0 = Release2|Pocket PC 2003 (ARMV4)
		{0B0813D9-95B0-4172-A933-5BB7AE1498DD}.Release2|Pocket PC 2003 (ARMV4).Deploy.0 = Release2|Pocket PC 2003 (ARMV4)
		{0B0813D9-95B0-4172-A933-5BB7AE1498DD}.Release2|Smartphone 2003 (ARMV4).ActiveCfg = Release2|Smartphone 2003 (ARMV4)
		{0B0813D9-95B0-4172-A933-5BB7AE1498DD}.Release2|Smartphone 2003 (ARMV4).Build.0 = Release2|Smartphone 2003 (ARMV4)
		{0B0813D9-95B0-4172-A933-5BB7AE1498DD}.Release2|Smartphone 2003 (ARMV4).Deploy.0 = Release2|Smartphone 2003 (ARMV4)
		{6885D5CD-7353-45A3-BC16-0F94F68B6F76}.Debug|Pocket PC 2003 (ARMV4).ActiveCfg = Debug|Pocket PC 2003 (ARMV4)
		{6885D5CD-7353-45A3-BC16-0F94F68B6F76}.Debug|Pocket PC 2003 (ARMV4).Build.0 = Debug|Pocket PC 2003 (ARMV4)
		{6885D5CD-7353-45A3-BC16-0F94F68B6F76}.Debug|Pocket PC 2003 (ARMV4).Deploy.0 = Debug|Pocket PC 2003 (ARMV4)
		{6885D5CD-7353-45A3-BC16-0F94F68B6F76}.Debug|Smartphone 2003 (ARMV4).ActiveCfg = Debug|Smartphone 2003 (ARMV4)
		{6885D5CD-7353-45A3-BC16-0F94F68B6F76}.Debug|Smartphone 2003 (ARMV4).Build.0 = Debug|Smartphone 2003 (ARMV4)
		{6885D5CD-7353-45A3-BC16-0F94F68B6F76}.Debug|Smartphone 2003 (ARMV4).Deploy.0 = Debug|Smartphone 2003 (ARMV4)
		{6885D5CD-7353-45A3-BC16-0F94F68B6F76}.Release|Pocket PC 2003 (ARMV4).ActiveCfg = Release|Pocket PC 2003 (ARMV4)
		{6885D5CD-7353-45A3-BC16-0F94F68B6F76}.Release|Pocket PC 2003 (ARMV4).Build.0 = Release|Pocket PC 2003 (ARMV4)
		{6885D5CD-7353-45A3-BC16-0F94F68B6F76}.Release|Pocket PC 2003 (ARMV4).Deploy.0 = Release|Pocket PC 2003 (ARMV4)
		{6885D5CD-7353-45A3-BC16-0F94F68B6F76}.Release|Smartphone 2003 (ARMV4).ActiveCfg = Release|Smartphone 2003 (ARMV4)
		{6885D5CD-7353-45A3-BC16-0F94F68B6F76}.Release|Smartphone 2003 (ARMV4).Build.0 = Release|Smartphone 2003 (ARMV4)
		{6885D5CD-7353-45A3-BC16-0F94F68B6F76}.Release|Smartphone 2003 (ARMV4).Deploy.0 = Release|Smartphone 2003 (ARMV4)
		{6885D5CD-7353-45A3-BC16-0F94F68B6F76}.Release2|Pocket PC 2003 (ARMV4).ActiveCfg = Release2|Pocket PC 2003 (ARMV4)
		{6885D5CD-7353-45A3-BC16-0F94F68B6F76}.Release2|Pocket PC 2003 (ARMV4).Build.0 = Release2|Pocket PC 2003 (ARMV4)
		{6885D5CD-7353-45A3-BC16-0F94F68B6F76}.Release2|Pocket PC 2003 (ARMV4).Deploy.0 = Release2|Pocket PC 2003 (ARMV4)
		{6885D5CD-7353-45A3-BC16-0F94F68B6F76}.Release2|Smartphone 2003 (ARMV4).ActiveCfg = Release2|Smartphone 2003 (ARMV4)
		{6885D5CD-7353-45A3-BC16-0F94F68B6F76}.Release2|Smartphone 2003 (ARMV4).Build.0 = Release2|Smartphone 2003 (ARMV4)
		{6885D5CD-7353-45A3-BC16-0F94F68B6F76}.Release2|Smartphone 2003 (ARMV4).Deploy.0 = Release2|Smartphone 2003 (ARMV4)
		{AB274537-5D3F-4361-8EDF-32D8B40C202B}.Debug|Pocket PC 2003 (ARMV4).ActiveCfg = Debug
		{AB274537-5D3F-4361-8EDF-32D8B40C202B}.Debug|Smartphone 2003 (ARMV4).ActiveCfg = Debug
		{AB274537-5D3F-4361-8EDF-32D8B40C202B}.Release|Pocket PC 2003 (ARMV4).ActiveCfg = Release
		{AB274537-5D3F-4361-8EDF-32D8B40C202B}.Release|Smartphone 2003 (ARMV4).ActiveCfg = Release
		{AB274537-5D3F-4361-8EDF-32D8B40C202B}.Release2|Pocket PC 2003 (ARMV4).ActiveCfg = Release
		{AB274537-5D3F-4361-8EDF-32D8B40C202B}.Release2|Smartphone 2003 (ARMV4).ActiveCfg = Release
	EndGlobalSection
	GlobalSection(SolutionProperties) = preSolution
		HideSolutionNode = FALSE
	EndGlobalSection
EndGlobal
