
Microsoft Visual Studio Solution File, Format Version 9.00
# Visual Studio 2005
# SharpDevelop 3.0.0.3622
Project("{8BC9CEB8-8B4A-11D0-8D11-00A0C91BC942}") = "rlToday", "rlToday\rlToday.vcproj", "{53563210-ADAD-4882-AC1A-55831F03ACB7}"
	ProjectSection(ProjectDependencies) = postProject
		{65818D16-53A8-4EBD-B5B2-2CA493E1DF1A} = {65818D16-53A8-4EBD-B5B2-2CA493E1DF1A}
		{6885D5CD-7353-45A3-BC16-0F94F68B6F76} = {6885D5CD-7353-45A3-BC16-0F94F68B6F76}
		{0B0813D9-95B0-4172-A933-5BB7AE1498DD} = {0B0813D9-95B0-4172-A933-5BB7AE1498DD}
	EndProjectSection
EndProject
Project("{B900F1C2-3D47-4FEC-85B3-04AAF18C3634}") = "InstallCab", "InstallCab\InstallCab.vddproj", "{AB274537-5D3F-4361-8EDF-32D8B40C202B}"
EndProject
Global
	GlobalSection(SolutionConfigurationPlatforms) = preSolution
		Debug|Pocket PC 2003 (ARMV4) = Debug|Pocket PC 2003 (ARMV4)
		Debug|Smartphone 2003 (ARMV4) = Debug|Smartphone 2003 (ARMV4)
		Release|Pocket PC 2003 (ARMV4) = Release|Pocket PC 2003 (ARMV4)
		Release|Smartphone 2003 (ARMV4) = Release|Smartphone 2003 (ARMV4)
		Release2|Pocket PC 2003 (ARMV4) = Release2|Pocket PC 2003 (ARMV4)
		Release2|Smartphone 2003 (ARMV4) = Release2|Smartphone 2003 (ARMV4)
	EndGlobalSection
	GlobalSection(ProjectConfigurationPlatforms) = postSolution
		{53563210-ADAD-4882-AC1A-55831F03ACB7}.Debug|Pocket PC 2003 (ARMV4).ActiveCfg = Debug|Pocket PC 2003 (ARMV4)
		{53563210-ADAD-4882-AC1A-55831F03ACB7}.Debug|Pocket PC 2003 (ARMV4).Build.0 = Debug|Pocket PC 2003 (ARMV4)
		{53563210-ADAD-4882-AC1A-55831F03ACB7}.Debug|Pocket PC 2003 (ARMV4).Deploy.0 = Debug|Pocket PC 2003 (ARMV4)
		{53563210-ADAD-4882-AC1A-55831F03ACB7}.Debug|Smartphone 2003 (ARMV4).ActiveCfg = Debug|Smartphone 2003 (ARMV4)
		{53563210-ADAD-4882-AC1A-55831F03ACB7}.Debug|Smartphone 2003 (ARMV4).Build.0 = Debug|Smartphone 2003 (ARMV4)
		{53563210-ADAD-4882-AC1A-55831F03ACB7}.Debug|Smartphone 2003 (ARMV4).Deploy.0 = Debug|Smartphone 2003 (ARMV4)
		{53563210-ADAD-4882-AC1A-55831F03ACB7}.Release|Pocket PC 2003 (ARMV4).ActiveCfg = Release|Pocket PC 2003 (ARMV4)
		{53563210-ADAD-4882-AC1A-55831F03ACB7}.Release|Pocket PC 2003 (ARMV4).Build.0 = Release|Pocket PC 2003 (ARMV4)
		{53563210-ADAD-4882-AC1A-55831F03ACB7}.Release|Pocket PC 2003 (ARMV4).Deploy.0 = Release|Pocket PC 2003 (ARMV4)
		{53563210-ADAD-4882-AC1A-55831F03ACB7}.Release|Smartphone 2003 (ARMV4).ActiveCfg = Release|Smartphone 2003 (ARMV4)
		{53563210-ADAD-4882-AC1A-55831F03ACB7}.Release|Smartphone 2003 (ARMV4).Build.0 = Release|Smartphone 2003 (ARMV4)
		{53563210-ADAD-4882-AC1A-55831F03ACB7}.Release|Smartphone 2003 (ARMV4).Deploy.0 = Release|Smartphone 2003 (ARMV4)
		{53563210-ADAD-4882-AC1A-55831F03ACB7}.Release2|Pocket PC 2003 (ARMV4).ActiveCfg = Release2|Pocket PC 2003 (ARMV4)
		{53563210-ADAD-4882-AC1A-55831F03ACB7}.Release2|Pocket PC 2003 (ARMV4).Build.0 = Release2|Pocket PC 2003 (ARMV4)
		{53563210-ADAD-4882-AC1A-55831F03ACB7}.Release2|Pocket PC 2003 (ARMV4).Deploy.0 = Release2|Pocket PC 2003 (ARMV4)
		{53563210-ADAD-4882-AC1A-55831F03ACB7}.Release2|Smartphone 2003 (ARMV4).ActiveCfg = Release2|Smartphone 2003 (ARMV4)
		{53563210-ADAD-4882-AC1A-55831F03ACB7}.Release2|Smartphone 2003 (ARMV4).Build.0 = Release2|Smartphone 2003 (ARMV4)
		{53563210-ADAD-4882-AC1A-55831F03ACB7}.Release2|Smartphone 2003 (ARMV4).Deploy.0 = Release2|Smartphone 2003 (ARMV4)
		{AB274537-5D3F-4361-8EDF-32D8B40C202B}.Debug|Pocket PC 2003 (ARMV4).ActiveCfg = Debug
		{AB274537-5D3F-4361-8EDF-32D8B40C202B}.Debug|Smartphone 2003 (ARMV4).ActiveCfg = Debug
		{AB274537-5D3F-4361-8EDF-32D8B40C202B}.Release|Pocket PC 2003 (ARMV4).ActiveCfg = Release
		{AB274537-5D3F-4361-8EDF-32D8B40C202B}.Release|Smartphone 2003 (ARMV4).ActiveCfg = Release
		{AB274537-5D3F-4361-8EDF-32D8B40C202B}.Release2|Pocket PC 2003 (ARMV4).ActiveCfg = Release
		{AB274537-5D3F-4361-8EDF-32D8B40C202B}.Release2|Smartphone 2003 (ARMV4).ActiveCfg = Release
		{AB274537-5D3F-4361-8EDF-32D8B40C202B}.Debug|Pocket PC 2003 (ARMV4).Build.0 = Debug|Pocket PC 2003 (ARMV4)
		{AB274537-5D3F-4361-8EDF-32D8B40C202B}.Debug|Smartphone 2003 (ARMV4).Build.0 = Debug|Smartphone 2003 (ARMV4)
		{AB274537-5D3F-4361-8EDF-32D8B40C202B}.Release|Pocket PC 2003 (ARMV4).Build.0 = Release|Pocket PC 2003 (ARMV4)
		{AB274537-5D3F-4361-8EDF-32D8B40C202B}.Release|Smartphone 2003 (ARMV4).Build.0 = Release|Smartphone 2003 (ARMV4)
		{AB274537-5D3F-4361-8EDF-32D8B40C202B}.Release2|Pocket PC 2003 (ARMV4).Build.0 = Release2|Pocket PC 2003 (ARMV4)
		{AB274537-5D3F-4361-8EDF-32D8B40C202B}.Release2|Smartphone 2003 (ARMV4).Build.0 = Release2|Smartphone 2003 (ARMV4)
	EndGlobalSection
	GlobalSection(SolutionProperties) = preSolution
		HideSolutionNode = FALSE
	EndGlobalSection
EndGlobal
